{
  "name": "chat-server-test",
  "version": "1.0.0",
  "lockfileVersion": 2,
  "requires": true,
  "packages": {
    "": {
      "name": "chat-server-test",
      "version": "1.0.0",
      "license": "ISC",
      "dependencies": {
        "chat-server": "file:../packages/chat-server-1.0.0.tgz"
      },
      "devDependencies": {
        "typescript": "^4.7.4"
      }
    },
    "node_modules/chat-server": {
      "version": "1.0.0",
      "resolved": "file:../packages/chat-server-1.0.0.tgz",
      "integrity": "sha512-l0vQQgAOT2OCjLXH/2zya+4v/OYJnZ9J8+BOaXBqgcRC7ukq5HUVMCaaCA8rSjyGETIsJrQaCaUqQ8C4zV3QKg==",
      "license": "ISC",
      "dependencies": {
        "ws": "^8.8.1"
      }
    },
    "node_modules/typescript": {
      "version": "4.7.4",
      "resolved": "https://registry.npmjs.org/typescript/-/typescript-4.7.4.tgz",
      "integrity": "sha512-C0WQT0gezHuw6AdY1M2jxUO83Rjf0HP7Sk1DtXj6j1EwkQNZrHAg2XPWlq62oqEhYvONq5pkC2Y9oPljWToLmQ==",
      "dev": true,
      "bin": {
        "tsc": "bin/tsc",
        "tsserver": "bin/tsserver"
      },
      "engines": {
        "node": ">=4.2.0"
      }
    },
    "node_modules/ws": {
      "version": "8.8.1",
      "resolved": "https://registry.npmjs.org/ws/-/ws-8.8.1.tgz",
      "integrity": "sha512-bGy2JzvzkPowEJV++hF07hAD6niYSr0JzBNo/J29WsB57A2r7Wlc1UFcTR9IzrPvuNVO4B8LGqF8qcpsVOhJCA==",
      "engines": {
        "node": ">=10.0.0"
      },
      "peerDependencies": {
        "bufferutil": "^4.0.1",
        "utf-8-validate": "^5.0.2"
      },
      "peerDependenciesMeta": {
        "bufferutil": {
          "optional": true
        },
        "utf-8-validate": {
          "optional": true
        }
      }
    }
  },
  "dependencies": {
    "chat-server": {
      "version": "file:../packages/chat-server-1.0.0.tgz",
      "integrity": "sha512-l0vQQgAOT2OCjLXH/2zya+4v/OYJnZ9J8+BOaXBqgcRC7ukq5HUVMCaaCA8rSjyGETIsJrQaCaUqQ8C4zV3QKg==",
      "requires": {
        "ws": "^8.8.1"
      }
    },
    "typescript": {
      "version": "4.7.4",
      "resolved": "https://registry.npmjs.org/typescript/-/typescript-4.7.4.tgz",
      "integrity": "sha512-C0WQT0gezHuw6AdY1M2jxUO83Rjf0HP7Sk1DtXj6j1EwkQNZrHAg2XPWlq62oqEhYvONq5pkC2Y9oPljWToLmQ==",
      "dev": true
    },
    "ws": {
      "version": "8.8.1",
      "resolved": "https://registry.npmjs.org/ws/-/ws-8.8.1.tgz",
      "integrity": "sha512-bGy2JzvzkPowEJV++hF07hAD6niYSr0JzBNo/J29WsB57A2r7Wlc1UFcTR9IzrPvuNVO4B8LGqF8qcpsVOhJCA==",
      "requires": {}
    }
  }
}
